
Microsoft Visual Studio Solution File, Format Version 12.00
# Visual Studio 15
VisualStudioVersion = 15.0.27130.2026
MinimumVisualStudioVersion = 10.0.40219.1
Project("{00D1A9C2-B5F0-4AF3-8072-F6C62B433612}") = "MetalHotlist", "MetalHotlist\MetalHotlist.sqlproj", "{2788E525-8915-4092-81EC-E6555752E6B6}"
EndProject
Global
	GlobalSection(SolutionConfigurationPlatforms) = preSolution
		Debug|Any CPU = Debug|Any CPU
		Release|Any CPU = Release|Any CPU
	EndGlobalSection
	GlobalSection(ProjectConfigurationPlatforms) = postSolution
		{2788E525-8915-4092-81EC-E6555752E6B6}.Debug|Any CPU.ActiveCfg = Debug|Any CPU
		{2788E525-8915-4092-81EC-E6555752E6B6}.Debug|Any CPU.Build.0 = Debug|Any CPU
		{2788E525-8915-4092-81EC-E6555752E6B6}.Debug|Any CPU.Deploy.0 = Debug|Any CPU
		{2788E525-8915-4092-81EC-E6555752E6B6}.Release|Any CPU.ActiveCfg = Release|Any CPU
		{2788E525-8915-4092-81EC-E6555752E6B6}.Release|Any CPU.Build.0 = Release|Any CPU
		{2788E525-8915-4092-81EC-E6555752E6B6}.Release|Any CPU.Deploy.0 = Release|Any CPU
	EndGlobalSection
	GlobalSection(SolutionProperties) = preSolution
		HideSolutionNode = FALSE
	EndGlobalSection
	GlobalSection(ExtensibilityGlobals) = postSolution
		SolutionGuid = {346B00DC-97E5-4648-86F5-5EE9957DB999}
	EndGlobalSection
	GlobalSection(TeamFoundationVersionControl) = preSolution
		SccNumberOfProjects = 2
		SccEnterpriseProvider = {4CA58AB2-18FA-4F8D-95D4-32DDF27D184C}
		SccTeamFoundationServer = http://fldsvrtfs01:8080/tfs/upcic
		SccLocalPath0 = .
		SccProjectUniqueName1 = MetalHotlist\\MetalHotlist.sqlproj
		SccProjectName1 = MetalHotlist
		SccLocalPath1 = MetalHotlist
	EndGlobalSection
EndGlobal
